
Microsoft Visual Studio Solution File, Format Version 12.00
# Visual Studio Version 17
VisualStudioVersion = 17.6.33829.357
MinimumVisualStudioVersion = 10.0.40219.1
Project("{2150E333-8FDC-42A3-9474-1A3956D46DE8}") = "src", "src", "{79217148-86DF-4191-9FA4-8476D2295FEC}"
EndProject
Project("{2150E333-8FDC-42A3-9474-1A3956D46DE8}") = "building blocks", "building blocks", "{A60F3366-35EF-4501-963A-6165008F769B}"
EndProject
Project("{2150E333-8FDC-42A3-9474-1A3956D46DE8}") = "web", "web", "{C1197237-A7D0-4695-8DB4-C597B69488D5}"
EndProject
Project("{2150E333-8FDC-42A3-9474-1A3956D46DE8}") = "services", "services", "{20C18B8F-98B0-4558-B501-B3005C383A8E}"
EndProject
Project("{2150E333-8FDC-42A3-9474-1A3956D46DE8}") = "identity", "identity", "{8E1FA04F-842E-4199-9874-EC647B84DC52}"
EndProject
Project("{FAE04EC0-301F-11D3-BF4B-00C04F79EFBC}") = "SE.Identidade.API", "src\services\SE.Identidade.API\SE.Identidade.API.csproj", "{D0CCA378-43D1-4797-8115-C8BC1898E421}"
EndProject
Project("{2150E333-8FDC-42A3-9474-1A3956D46DE8}") = "front", "front", "{6748F53C-FB1E-4F9E-BD5F-EFDDC64EEF2F}"
EndProject
Project("{FAE04EC0-301F-11D3-BF4B-00C04F79EFBC}") = "SE.WebApp.Front", "src\web\SE.WebApp.Front\SE.WebApp.Front.csproj", "{423DE337-8A16-4D39-A2A4-D76A10F4047F}"
EndProject
Project("{2150E333-8FDC-42A3-9474-1A3956D46DE8}") = "core", "core", "{F3091F89-3DCC-4C11-A204-8B1AC8A37521}"
EndProject
Project("{FAE04EC0-301F-11D3-BF4B-00C04F79EFBC}") = "SE.Core", "src\building blocks\SE.Core\SE.Core.csproj", "{5CF3DBC8-C04B-4EFC-B648-2C989D3944B6}"
EndProject
Project("{2150E333-8FDC-42A3-9474-1A3956D46DE8}") = "carrinho", "carrinho", "{C6E9CDAA-9CEC-4040-B65A-BD3E33E0F3B0}"
EndProject
Project("{FAE04EC0-301F-11D3-BF4B-00C04F79EFBC}") = "SE.Carrinho.API", "src\services\SE.Carrinho.API\SE.Carrinho.API.csproj", "{A0874E39-E4D4-489E-97AC-3C9CA7EBB3C5}"
EndProject
Project("{2150E333-8FDC-42A3-9474-1A3956D46DE8}") = "cliente", "cliente", "{794CB4F3-0AC7-4D63-9A6F-C23B3E74F0FF}"
EndProject
Project("{2150E333-8FDC-42A3-9474-1A3956D46DE8}") = "pagamento", "pagamento", "{ECDBE6FE-4F45-4E84-9AAF-F16B6E83FC4F}"
EndProject
Project("{2150E333-8FDC-42A3-9474-1A3956D46DE8}") = "pedido", "pedido", "{EF8766F2-3BF2-4B3A-85E4-CE6B9DE5DBB4}"
EndProject
Project("{2150E333-8FDC-42A3-9474-1A3956D46DE8}") = "catalogo", "catalogo", "{7BA951FA-3191-4822-84EE-E1BEFFD4B0F4}"
EndProject
Project("{FAE04EC0-301F-11D3-BF4B-00C04F79EFBC}") = "SE.Catalogo.API", "src\services\SE.Catalogo.API\SE.Catalogo.API.csproj", "{72332D59-CECB-4C41-8B8E-1F76AE2D1481}"
EndProject
Project("{FAE04EC0-301F-11D3-BF4B-00C04F79EFBC}") = "SE.Cliente.API", "src\services\SE.Cliente.API\SE.Cliente.API.csproj", "{E6BAB7D4-0EF7-4881-B6D1-F819564702F0}"
EndProject
Project("{FAE04EC0-301F-11D3-BF4B-00C04F79EFBC}") = "SE.Pagamento.API", "src\services\SE.Pagamento.API\SE.Pagamento.API.csproj", "{9814F94F-C403-4D03-B70A-916A21A6BC6A}"
EndProject
Project("{FAE04EC0-301F-11D3-BF4B-00C04F79EFBC}") = "SE.Pedido.API", "src\services\SE.Pedido.API\SE.Pedido.API.csproj", "{39B91596-FA3F-48FA-86FF-8339C10EB6E3}"
EndProject
Global
	GlobalSection(SolutionConfigurationPlatforms) = preSolution
		Debug|Any CPU = Debug|Any CPU
		Release|Any CPU = Release|Any CPU
	EndGlobalSection
	GlobalSection(ProjectConfigurationPlatforms) = postSolution
		{D0CCA378-43D1-4797-8115-C8BC1898E421}.Debug|Any CPU.ActiveCfg = Debug|Any CPU
		{D0CCA378-43D1-4797-8115-C8BC1898E421}.Debug|Any CPU.Build.0 = Debug|Any CPU
		{D0CCA378-43D1-4797-8115-C8BC1898E421}.Release|Any CPU.ActiveCfg = Release|Any CPU
		{D0CCA378-43D1-4797-8115-C8BC1898E421}.Release|Any CPU.Build.0 = Release|Any CPU
		{423DE337-8A16-4D39-A2A4-D76A10F4047F}.Debug|Any CPU.ActiveCfg = Debug|Any CPU
		{423DE337-8A16-4D39-A2A4-D76A10F4047F}.Debug|Any CPU.Build.0 = Debug|Any CPU
		{423DE337-8A16-4D39-A2A4-D76A10F4047F}.Release|Any CPU.ActiveCfg = Release|Any CPU
		{423DE337-8A16-4D39-A2A4-D76A10F4047F}.Release|Any CPU.Build.0 = Release|Any CPU
		{5CF3DBC8-C04B-4EFC-B648-2C989D3944B6}.Debug|Any CPU.ActiveCfg = Debug|Any CPU
		{5CF3DBC8-C04B-4EFC-B648-2C989D3944B6}.Debug|Any CPU.Build.0 = Debug|Any CPU
		{5CF3DBC8-C04B-4EFC-B648-2C989D3944B6}.Release|Any CPU.ActiveCfg = Release|Any CPU
		{5CF3DBC8-C04B-4EFC-B648-2C989D3944B6}.Release|Any CPU.Build.0 = Release|Any CPU
		{A0874E39-E4D4-489E-97AC-3C9CA7EBB3C5}.Debug|Any CPU.ActiveCfg = Debug|Any CPU
		{A0874E39-E4D4-489E-97AC-3C9CA7EBB3C5}.Debug|Any CPU.Build.0 = Debug|Any CPU
		{A0874E39-E4D4-489E-97AC-3C9CA7EBB3C5}.Release|Any CPU.ActiveCfg = Release|Any CPU
		{A0874E39-E4D4-489E-97AC-3C9CA7EBB3C5}.Release|Any CPU.Build.0 = Release|Any CPU
		{72332D59-CECB-4C41-8B8E-1F76AE2D1481}.Debug|Any CPU.ActiveCfg = Debug|Any CPU
		{72332D59-CECB-4C41-8B8E-1F76AE2D1481}.Debug|Any CPU.Build.0 = Debug|Any CPU
		{72332D59-CECB-4C41-8B8E-1F76AE2D1481}.Release|Any CPU.ActiveCfg = Release|Any CPU
		{72332D59-CECB-4C41-8B8E-1F76AE2D1481}.Release|Any CPU.Build.0 = Release|Any CPU
		{E6BAB7D4-0EF7-4881-B6D1-F819564702F0}.Debug|Any CPU.ActiveCfg = Debug|Any CPU
		{E6BAB7D4-0EF7-4881-B6D1-F819564702F0}.Debug|Any CPU.Build.0 = Debug|Any CPU
		{E6BAB7D4-0EF7-4881-B6D1-F819564702F0}.Release|Any CPU.ActiveCfg = Release|Any CPU
		{E6BAB7D4-0EF7-4881-B6D1-F819564702F0}.Release|Any CPU.Build.0 = Release|Any CPU
		{9814F94F-C403-4D03-B70A-916A21A6BC6A}.Debug|Any CPU.ActiveCfg = Debug|Any CPU
		{9814F94F-C403-4D03-B70A-916A21A6BC6A}.Debug|Any CPU.Build.0 = Debug|Any CPU
		{9814F94F-C403-4D03-B70A-916A21A6BC6A}.Release|Any CPU.ActiveCfg = Release|Any CPU
		{9814F94F-C403-4D03-B70A-916A21A6BC6A}.Release|Any CPU.Build.0 = Release|Any CPU
		{39B91596-FA3F-48FA-86FF-8339C10EB6E3}.Debug|Any CPU.ActiveCfg = Debug|Any CPU
		{39B91596-FA3F-48FA-86FF-8339C10EB6E3}.Debug|Any CPU.Build.0 = Debug|Any CPU
		{39B91596-FA3F-48FA-86FF-8339C10EB6E3}.Release|Any CPU.ActiveCfg = Release|Any CPU
		{39B91596-FA3F-48FA-86FF-8339C10EB6E3}.Release|Any CPU.Build.0 = Release|Any CPU
	EndGlobalSection
	GlobalSection(SolutionProperties) = preSolution
		HideSolutionNode = FALSE
	EndGlobalSection
	GlobalSection(NestedProjects) = preSolution
		{A60F3366-35EF-4501-963A-6165008F769B} = {79217148-86DF-4191-9FA4-8476D2295FEC}
		{C1197237-A7D0-4695-8DB4-C597B69488D5} = {79217148-86DF-4191-9FA4-8476D2295FEC}
		{20C18B8F-98B0-4558-B501-B3005C383A8E} = {79217148-86DF-4191-9FA4-8476D2295FEC}
		{8E1FA04F-842E-4199-9874-EC647B84DC52} = {20C18B8F-98B0-4558-B501-B3005C383A8E}
		{D0CCA378-43D1-4797-8115-C8BC1898E421} = {8E1FA04F-842E-4199-9874-EC647B84DC52}
		{6748F53C-FB1E-4F9E-BD5F-EFDDC64EEF2F} = {C1197237-A7D0-4695-8DB4-C597B69488D5}
		{423DE337-8A16-4D39-A2A4-D76A10F4047F} = {6748F53C-FB1E-4F9E-BD5F-EFDDC64EEF2F}
		{F3091F89-3DCC-4C11-A204-8B1AC8A37521} = {A60F3366-35EF-4501-963A-6165008F769B}
		{5CF3DBC8-C04B-4EFC-B648-2C989D3944B6} = {F3091F89-3DCC-4C11-A204-8B1AC8A37521}
		{C6E9CDAA-9CEC-4040-B65A-BD3E33E0F3B0} = {20C18B8F-98B0-4558-B501-B3005C383A8E}
		{A0874E39-E4D4-489E-97AC-3C9CA7EBB3C5} = {C6E9CDAA-9CEC-4040-B65A-BD3E33E0F3B0}
		{794CB4F3-0AC7-4D63-9A6F-C23B3E74F0FF} = {20C18B8F-98B0-4558-B501-B3005C383A8E}
		{ECDBE6FE-4F45-4E84-9AAF-F16B6E83FC4F} = {20C18B8F-98B0-4558-B501-B3005C383A8E}
		{EF8766F2-3BF2-4B3A-85E4-CE6B9DE5DBB4} = {20C18B8F-98B0-4558-B501-B3005C383A8E}
		{7BA951FA-3191-4822-84EE-E1BEFFD4B0F4} = {20C18B8F-98B0-4558-B501-B3005C383A8E}
		{72332D59-CECB-4C41-8B8E-1F76AE2D1481} = {7BA951FA-3191-4822-84EE-E1BEFFD4B0F4}
		{E6BAB7D4-0EF7-4881-B6D1-F819564702F0} = {794CB4F3-0AC7-4D63-9A6F-C23B3E74F0FF}
		{9814F94F-C403-4D03-B70A-916A21A6BC6A} = {ECDBE6FE-4F45-4E84-9AAF-F16B6E83FC4F}
		{39B91596-FA3F-48FA-86FF-8339C10EB6E3} = {EF8766F2-3BF2-4B3A-85E4-CE6B9DE5DBB4}
	EndGlobalSection
	GlobalSection(ExtensibilityGlobals) = postSolution
		SolutionGuid = {82834997-31F2-4D07-BB17-CE5BAA92A742}
	EndGlobalSection
EndGlobal
